{
  "name": "@jeehun88/hi",
  "version": "0.0.1",
  "lockfileVersion": 3,
  "requires": true,
  "packages": {
    "": {
      "name": "@jeehun88/hi",
      "version": "0.0.1",
      "license": "ISC",
      "dependencies": {
        "@egoing/hi": "^0.0.6"
      }
    },
    "node_modules/@egoing/hi": {
      "version": "0.0.6",
      "resolved": "https://registry.npmjs.org/@egoing/hi/-/hi-0.0.6.tgz",
      "integrity": "sha512-w9HqYGHELy9gGrF+vj2V1qGdgXC9k//SU0tZrLqTqxX2By0TfEenpleKh3ArHI3ibxIkso15nMn9tBGFsLNtuw==",
      "bin": {
        "say-hi": "cli.js",
        "say-hi-kr": "cli-kr.js"
      }
    }
  }
}
